// !$*UTF8*$!
{
	archiveVersion = 1;
	classes = {
	};
	objectVersion = 50;
	objects = {

/* Begin PBXBuildFile section */
		275F91A6252E3F1E00374829 /* Localizable.strings in Resources */ = {isa = PBXBuildFile; fileRef = 275F91A8252E3F1E00374829 /* Localizable.strings */; };
		276FBD0E25252D46001BB500 /* PetDetailViewController.swift in Sources */ = {isa = PBXBuildFile; fileRef = 276FBD0D25252D46001BB500 /* PetDetailViewController.swift */; };
		27B6CB9A25223E2F008A9045 /* AppDelegate.swift in Sources */ = {isa = PBXBuildFile; fileRef = 27B6CB9925223E2F008A9045 /* AppDelegate.swift */; };
		27B6CB9C25223E2F008A9045 /* SceneDelegate.swift in Sources */ = {isa = PBXBuildFile; fileRef = 27B6CB9B25223E2F008A9045 /* SceneDelegate.swift */; };
		27B6CB9E25223E2F008A9045 /* SearchViewController.swift in Sources */ = {isa = PBXBuildFile; fileRef = 27B6CB9D25223E2F008A9045 /* SearchViewController.swift */; };
		27B6CBA125223E2F008A9045 /* Main.storyboard in Resources */ = {isa = PBXBuildFile; fileRef = 27B6CB9F25223E2F008A9045 /* Main.storyboard */; };
		27B6CBA325223E31008A9045 /* Assets.xcassets in Resources */ = {isa = PBXBuildFile; fileRef = 27B6CBA225223E31008A9045 /* Assets.xcassets */; };
		27B6CBA625223E31008A9045 /* LaunchScreen.storyboard in Resources */ = {isa = PBXBuildFile; fileRef = 27B6CBA425223E31008A9045 /* LaunchScreen.storyboard */; };
		27B6CBB125223E31008A9045 /* PetAdoptionTests.swift in Sources */ = {isa = PBXBuildFile; fileRef = 27B6CBB025223E31008A9045 /* PetAdoptionTests.swift */; };
		27B6CBBC25223E31008A9045 /* PetAdoptionUITests.swift in Sources */ = {isa = PBXBuildFile; fileRef = 27B6CBBB25223E31008A9045 /* PetAdoptionUITests.swift */; };
		27B6CBCA25223FB6008A9045 /* SearchResultViewController.swift in Sources */ = {isa = PBXBuildFile; fileRef = 27B6CBC925223FB6008A9045 /* SearchResultViewController.swift */; };
		27B6CBCC2522404D008A9045 /* Pet.swift in Sources */ = {isa = PBXBuildFile; fileRef = 27B6CBCB2522404D008A9045 /* Pet.swift */; };
		27CD24B12523813F0031A594 /* PetTableViewCell.swift in Sources */ = {isa = PBXBuildFile; fileRef = 27CD24B02523813F0031A594 /* PetTableViewCell.swift */; };
/* End PBXBuildFile section */

/* Begin PBXContainerItemProxy section */
		27B6CBAD25223E31008A9045 /* PBXContainerItemProxy */ = {
			isa = PBXContainerItemProxy;
			containerPortal = 27B6CB8E25223E2F008A9045 /* Project object */;
			proxyType = 1;
			remoteGlobalIDString = 27B6CB9525223E2F008A9045;
			remoteInfo = PetAdoption;
		};
		27B6CBB825223E31008A9045 /* PBXContainerItemProxy */ = {
			isa = PBXContainerItemProxy;
			containerPortal = 27B6CB8E25223E2F008A9045 /* Project object */;
			proxyType = 1;
			remoteGlobalIDString = 27B6CB9525223E2F008A9045;
			remoteInfo = PetAdoption;
		};
/* End PBXContainerItemProxy section */

/* Begin PBXFileReference section */
		275F91A1252E379700374829 /* en */ = {isa = PBXFileReference; lastKnownFileType = text.plist.strings; name = en; path = en.lproj/Main.strings; sourceTree = "<group>"; };
		275F91A2252E380400374829 /* fr-CA */ = {isa = PBXFileReference; lastKnownFileType = text.plist.strings; name = "fr-CA"; path = "fr-CA.lproj/Main.strings"; sourceTree = "<group>"; };
		275F91A3252E380500374829 /* fr-CA */ = {isa = PBXFileReference; lastKnownFileType = text.plist.strings; name = "fr-CA"; path = "fr-CA.lproj/LaunchScreen.strings"; sourceTree = "<group>"; };
		275F91A7252E3F1E00374829 /* en */ = {isa = PBXFileReference; lastKnownFileType = text.plist.strings; name = en; path = en.lproj/Localizable.strings; sourceTree = "<group>"; };
		275F91A9252E3F3400374829 /* fr-CA */ = {isa = PBXFileReference; lastKnownFileType = text.plist.strings; name = "fr-CA"; path = "fr-CA.lproj/Localizable.strings"; sourceTree = "<group>"; };
		276FBD0D25252D46001BB500 /* PetDetailViewController.swift */ = {isa = PBXFileReference; lastKnownFileType = sourcecode.swift; path = PetDetailViewController.swift; sourceTree = "<group>"; };
		27B6CB9625223E2F008A9045 /* PetAdoption.app */ = {isa = PBXFileReference; explicitFileType = wrapper.application; includeInIndex = 0; path = PetAdoption.app; sourceTree = BUILT_PRODUCTS_DIR; };
		27B6CB9925223E2F008A9045 /* AppDelegate.swift */ = {isa = PBXFileReference; lastKnownFileType = sourcecode.swift; path = AppDelegate.swift; sourceTree = "<group>"; };
		27B6CB9B25223E2F008A9045 /* SceneDelegate.swift */ = {isa = PBXFileReference; lastKnownFileType = sourcecode.swift; path = SceneDelegate.swift; sourceTree = "<group>"; };
		27B6CB9D25223E2F008A9045 /* SearchViewController.swift */ = {isa = PBXFileReference; lastKnownFileType = sourcecode.swift; path = SearchViewController.swift; sourceTree = "<group>"; };
		27B6CBA025223E2F008A9045 /* Base */ = {isa = PBXFileReference; lastKnownFileType = file.storyboard; name = Base; path = Base.lproj/Main.storyboard; sourceTree = "<group>"; };
		27B6CBA225223E31008A9045 /* Assets.xcassets */ = {isa = PBXFileReference; lastKnownFileType = folder.assetcatalog; path = Assets.xcassets; sourceTree = "<group>"; };
		27B6CBA525223E31008A9045 /* Base */ = {isa = PBXFileReference; lastKnownFileType = file.storyboard; name = Base; path = Base.lproj/LaunchScreen.storyboard; sourceTree = "<group>"; };
		27B6CBA725223E31008A9045 /* Info.plist */ = {isa = PBXFileReference; lastKnownFileType = text.plist.xml; path = Info.plist; sourceTree = "<group>"; };
		27B6CBAC25223E31008A9045 /* PetAdoptionTests.xctest */ = {isa = PBXFileReference; explicitFileType = wrapper.cfbundle; includeInIndex = 0; path = PetAdoptionTests.xctest; sourceTree = BUILT_PRODUCTS_DIR; };
		27B6CBB025223E31008A9045 /* PetAdoptionTests.swift */ = {isa = PBXFileReference; lastKnownFileType = sourcecode.swift; path = PetAdoptionTests.swift; sourceTree = "<group>"; };
		27B6CBB225223E31008A9045 /* Info.plist */ = {isa = PBXFileReference; lastKnownFileType = text.plist.xml; path = Info.plist; sourceTree = "<group>"; };
		27B6CBB725223E31008A9045 /* PetAdoptionUITests.xctest */ = {isa = PBXFileReference; explicitFileType = wrapper.cfbundle; includeInIndex = 0; path = PetAdoptionUITests.xctest; sourceTree = BUILT_PRODUCTS_DIR; };
		27B6CBBB25223E31008A9045 /* PetAdoptionUITests.swift */ = {isa = PBXFileReference; lastKnownFileType = sourcecode.swift; path = PetAdoptionUITests.swift; sourceTree = "<group>"; };
		27B6CBBD25223E31008A9045 /* Info.plist */ = {isa = PBXFileReference; lastKnownFileType = text.plist.xml; path = Info.plist; sourceTree = "<group>"; };
		27B6CBC925223FB6008A9045 /* SearchResultViewController.swift */ = {isa = PBXFileReference; lastKnownFileType = sourcecode.swift; path = SearchResultViewController.swift; sourceTree = "<group>"; };
		27B6CBCB2522404D008A9045 /* Pet.swift */ = {isa = PBXFileReference; lastKnownFileType = sourcecode.swift; path = Pet.swift; sourceTree = "<group>"; };
		27CD24B02523813F0031A594 /* PetTableViewCell.swift */ = {isa = PBXFileReference; lastKnownFileType = sourcecode.swift; path = PetTableViewCell.swift; sourceTree = "<group>"; };
/* End PBXFileReference section */

/* Begin PBXFrameworksBuildPhase section */
		27B6CB9325223E2F008A9045 /* Frameworks */ = {
			isa = PBXFrameworksBuildPhase;
			buildActionMask = 2147483647;
			files = (
			);
			runOnlyForDeploymentPostprocessing = 0;
		};
		27B6CBA925223E31008A9045 /* Frameworks */ = {
			isa = PBXFrameworksBuildPhase;
			buildActionMask = 2147483647;
			files = (
			);
			runOnlyForDeploymentPostprocessing = 0;
		};
		27B6CBB425223E31008A9045 /* Frameworks */ = {
			isa = PBXFrameworksBuildPhase;
			buildActionMask = 2147483647;
			files = (
			);
			runOnlyForDeploymentPostprocessing = 0;
		};
/* End PBXFrameworksBuildPhase section */

/* Begin PBXGroup section */
		27B6CB8D25223E2F008A9045 = {
			isa = PBXGroup;
			children = (
				27B6CB9825223E2F008A9045 /* PetAdoption */,
				27B6CBAF25223E31008A9045 /* PetAdoptionTests */,
				27B6CBBA25223E31008A9045 /* PetAdoptionUITests */,
				27B6CB9725223E2F008A9045 /* Products */,
			);
			sourceTree = "<group>";
		};
		27B6CB9725223E2F008A9045 /* Products */ = {
			isa = PBXGroup;
			children = (
				27B6CB9625223E2F008A9045 /* PetAdoption.app */,
				27B6CBAC25223E31008A9045 /* PetAdoptionTests.xctest */,
				27B6CBB725223E31008A9045 /* PetAdoptionUITests.xctest */,
			);
			name = Products;
			sourceTree = "<group>";
		};
		27B6CB9825223E2F008A9045 /* PetAdoption */ = {
			isa = PBXGroup;
			children = (
				27CD24B525238DF90031A594 /* Model */,
				27CD24B425238DE60031A594 /* Controller */,
				27CD24B325238DD60031A594 /* View */,
				27B6CB9925223E2F008A9045 /* AppDelegate.swift */,
				27B6CB9B25223E2F008A9045 /* SceneDelegate.swift */,
				27B6CBA225223E31008A9045 /* Assets.xcassets */,
				27B6CBA725223E31008A9045 /* Info.plist */,
				275F91A8252E3F1E00374829 /* Localizable.strings */,
			);
			path = PetAdoption;
			sourceTree = "<group>";
		};
		27B6CBAF25223E31008A9045 /* PetAdoptionTests */ = {
			isa = PBXGroup;
			children = (
				27B6CBB025223E31008A9045 /* PetAdoptionTests.swift */,
				27B6CBB225223E31008A9045 /* Info.plist */,
			);
			path = PetAdoptionTests;
			sourceTree = "<group>";
		};
		27B6CBBA25223E31008A9045 /* PetAdoptionUITests */ = {
			isa = PBXGroup;
			children = (
				27B6CBBB25223E31008A9045 /* PetAdoptionUITests.swift */,
				27B6CBBD25223E31008A9045 /* Info.plist */,
			);
			path = PetAdoptionUITests;
			sourceTree = "<group>";
		};
		27CD24B325238DD60031A594 /* View */ = {
			isa = PBXGroup;
			children = (
				27B6CB9F25223E2F008A9045 /* Main.storyboard */,
				27B6CBA425223E31008A9045 /* LaunchScreen.storyboard */,
				27CD24B02523813F0031A594 /* PetTableViewCell.swift */,
			);
			path = View;
			sourceTree = "<group>";
		};
		27CD24B425238DE60031A594 /* Controller */ = {
			isa = PBXGroup;
			children = (
				27B6CB9D25223E2F008A9045 /* SearchViewController.swift */,
				27B6CBC925223FB6008A9045 /* SearchResultViewController.swift */,
				276FBD0D25252D46001BB500 /* PetDetailViewController.swift */,
			);
			path = Controller;
			sourceTree = "<group>";
		};
		27CD24B525238DF90031A594 /* Model */ = {
			isa = PBXGroup;
			children = (
				27B6CBCB2522404D008A9045 /* Pet.swift */,
			);
			path = Model;
			sourceTree = "<group>";
		};
/* End PBXGroup section */

/* Begin PBXNativeTarget section */
		27B6CB9525223E2F008A9045 /* PetAdoption */ = {
			isa = PBXNativeTarget;
			buildConfigurationList = 27B6CBC025223E31008A9045 /* Build configuration list for PBXNativeTarget "PetAdoption" */;
			buildPhases = (
				27B6CB9225223E2F008A9045 /* Sources */,
				27B6CB9325223E2F008A9045 /* Frameworks */,
				27B6CB9425223E2F008A9045 /* Resources */,
			);
			buildRules = (
			);
			dependencies = (
			);
			name = PetAdoption;
			productName = PetAdoption;
			productReference = 27B6CB9625223E2F008A9045 /* PetAdoption.app */;
			productType = "com.apple.product-type.application";
		};
		27B6CBAB25223E31008A9045 /* PetAdoptionTests */ = {
			isa = PBXNativeTarget;
			buildConfigurationList = 27B6CBC325223E31008A9045 /* Build configuration list for PBXNativeTarget "PetAdoptionTests" */;
			buildPhases = (
				27B6CBA825223E31008A9045 /* Sources */,
				27B6CBA925223E31008A9045 /* Frameworks */,
				27B6CBAA25223E31008A9045 /* Resources */,
			);
			buildRules = (
			);
			dependencies = (
				27B6CBAE25223E31008A9045 /* PBXTargetDependency */,
			);
			name = PetAdoptionTests;
			productName = PetAdoptionTests;
			productReference = 27B6CBAC25223E31008A9045 /* PetAdoptionTests.xctest */;
			productType = "com.apple.product-type.bundle.unit-test";
		};
		27B6CBB625223E31008A9045 /* PetAdoptionUITests */ = {
			isa = PBXNativeTarget;
			buildConfigurationList = 27B6CBC625223E31008A9045 /* Build configuration list for PBXNativeTarget "PetAdoptionUITests" */;
			buildPhases = (
				27B6CBB325223E31008A9045 /* Sources */,
				27B6CBB425223E31008A9045 /* Frameworks */,
				27B6CBB525223E31008A9045 /* Resources */,
			);
			buildRules = (
			);
			dependencies = (
				27B6CBB925223E31008A9045 /* PBXTargetDependency */,
			);
			name = PetAdoptionUITests;
			productName = PetAdoptionUITests;
			productReference = 27B6CBB725223E31008A9045 /* PetAdoptionUITests.xctest */;
			productType = "com.apple.product-type.bundle.ui-testing";
		};
/* End PBXNativeTarget section */

/* Begin PBXProject section */
		27B6CB8E25223E2F008A9045 /* Project object */ = {
			isa = PBXProject;
			attributes = {
				LastSwiftUpdateCheck = 1160;
				LastUpgradeCheck = 1160;
				ORGANIZATIONNAME = Conestoga;
				TargetAttributes = {
					27B6CB9525223E2F008A9045 = {
						CreatedOnToolsVersion = 11.6;
					};
					27B6CBAB25223E31008A9045 = {
						CreatedOnToolsVersion = 11.6;
						TestTargetID = 27B6CB9525223E2F008A9045;
					};
					27B6CBB625223E31008A9045 = {
						CreatedOnToolsVersion = 11.6;
						TestTargetID = 27B6CB9525223E2F008A9045;
					};
				};
			};
			buildConfigurationList = 27B6CB9125223E2F008A9045 /* Build configuration list for PBXProject "PetAdoption" */;
			compatibilityVersion = "Xcode 9.3";
			developmentRegion = en;
			hasScannedForEncodings = 0;
			knownRegions = (
				en,
				Base,
				"fr-CA",
			);
			mainGroup = 27B6CB8D25223E2F008A9045;
			productRefGroup = 27B6CB9725223E2F008A9045 /* Products */;
			projectDirPath = "";
			projectRoot = "";
			targets = (
				27B6CB9525223E2F008A9045 /* PetAdoption */,
				27B6CBAB25223E31008A9045 /* PetAdoptionTests */,
				27B6CBB625223E31008A9045 /* PetAdoptionUITests */,
			);
		};
/* End PBXProject section */

/* Begin PBXResourcesBuildPhase section */
		27B6CB9425223E2F008A9045 /* Resources */ = {
			isa = PBXResourcesBuildPhase;
			buildActionMask = 2147483647;
			files = (
				27B6CBA625223E31008A9045 /* LaunchScreen.storyboard in Resources */,
				275F91A6252E3F1E00374829 /* Localizable.strings in Resources */,
				27B6CBA325223E31008A9045 /* Assets.xcassets in Resources */,
				27B6CBA125223E2F008A9045 /* Main.storyboard in Resources */,
			);
			runOnlyForDeploymentPostprocessing = 0;
		};
		27B6CBAA25223E31008A9045 /* Resources */ = {
			isa = PBXResourcesBuildPhase;
			buildActionMask = 2147483647;
			files = (
			);
			runOnlyForDeploymentPostprocessing = 0;
		};
		27B6CBB525223E31008A9045 /* Resources */ = {
			isa = PBXResourcesBuildPhase;
			buildActionMask = 2147483647;
			files = (
			);
			runOnlyForDeploymentPostprocessing = 0;
		};
/* End PBXResourcesBuildPhase section */

/* Begin PBXSourcesBuildPhase section */
		27B6CB9225223E2F008A9045 /* Sources */ = {
			isa = PBXSourcesBuildPhase;
			buildActionMask = 2147483647;
			files = (
				27B6CBCC2522404D008A9045 /* Pet.swift in Sources */,
				27CD24B12523813F0031A594 /* PetTableViewCell.swift in Sources */,
				27B6CB9E25223E2F008A9045 /* SearchViewController.swift in Sources */,
				27B6CB9A25223E2F008A9045 /* AppDelegate.swift in Sources */,
				276FBD0E25252D46001BB500 /* PetDetailViewController.swift in Sources */,
				27B6CBCA25223FB6008A9045 /* SearchResultViewController.swift in Sources */,
				27B6CB9C25223E2F008A9045 /* SceneDelegate.swift in Sources */,
			);
			runOnlyForDeploymentPostprocessing = 0;
		};
		27B6CBA825223E31008A9045 /* Sources */ = {
			isa = PBXSourcesBuildPhase;
			buildActionMask = 2147483647;
			files = (
				27B6CBB125223E31008A9045 /* PetAdoptionTests.swift in Sources */,
			);
			runOnlyForDeploymentPostprocessing = 0;
		};
		27B6CBB325223E31008A9045 /* Sources */ = {
			isa = PBXSourcesBuildPhase;
			buildActionMask = 2147483647;
			files = (
				27B6CBBC25223E31008A9045 /* PetAdoptionUITests.swift in Sources */,
			);
			runOnlyForDeploymentPostprocessing = 0;
		};
/* End PBXSourcesBuildPhase section */

/* Begin PBXTargetDependency section */
		27B6CBAE25223E31008A9045 /* PBXTargetDependency */ = {
			isa = PBXTargetDependency;
			target = 27B6CB9525223E2F008A9045 /* PetAdoption */;
			targetProxy = 27B6CBAD25223E31008A9045 /* PBXContainerItemProxy */;
		};
		27B6CBB925223E31008A9045 /* PBXTargetDependency */ = {
			isa = PBXTargetDependency;
			target = 27B6CB9525223E2F008A9045 /* PetAdoption */;
			targetProxy = 27B6CBB825223E31008A9045 /* PBXContainerItemProxy */;
		};
/* End PBXTargetDependency section */

/* Begin PBXVariantGroup section */
		275F91A8252E3F1E00374829 /* Localizable.strings */ = {
			isa = PBXVariantGroup;
			children = (
				275F91A7252E3F1E00374829 /* en */,
				275F91A9252E3F3400374829 /* fr-CA */,
			);
			name = Localizable.strings;
			sourceTree = "<group>";
		};
		27B6CB9F25223E2F008A9045 /* Main.storyboard */ = {
			isa = PBXVariantGroup;
			children = (
				27B6CBA025223E2F008A9045 /* Base */,
				275F91A1252E379700374829 /* en */,
				275F91A2252E380400374829 /* fr-CA */,
			);
			name = Main.storyboard;
			sourceTree = "<group>";
		};
		27B6CBA425223E31008A9045 /* LaunchScreen.storyboard */ = {
			isa = PBXVariantGroup;
			children = (
				27B6CBA525223E31008A9045 /* Base */,
				275F91A3252E380500374829 /* fr-CA */,
			);
			name = LaunchScreen.storyboard;
			sourceTree = "<group>";
		};
/* End PBXVariantGroup section */

/* Begin XCBuildConfiguration section */
		27B6CBBE25223E31008A9045 /* Debug */ = {
			isa = XCBuildConfiguration;
			buildSettings = {
				ALWAYS_SEARCH_USER_PATHS = NO;
				CLANG_ANALYZER_LOCALIZABILITY_NONLOCALIZED = YES;
				CLANG_ANALYZER_NONNULL = YES;
				CLANG_ANALYZER_NUMBER_OBJECT_CONVERSION = YES_AGGRESSIVE;
				CLANG_CXX_LANGUAGE_STANDARD = "gnu++14";
				CLANG_CXX_LIBRARY = "libc++";
				CLANG_ENABLE_MODULES = YES;
				CLANG_ENABLE_OBJC_ARC = YES;
				CLANG_ENABLE_OBJC_WEAK = YES;
				CLANG_WARN_BLOCK_CAPTURE_AUTORELEASING = YES;
				CLANG_WARN_BOOL_CONVERSION = YES;
				CLANG_WARN_COMMA = YES;
				CLANG_WARN_CONSTANT_CONVERSION = YES;
				CLANG_WARN_DEPRECATED_OBJC_IMPLEMENTATIONS = YES;
				CLANG_WARN_DIRECT_OBJC_ISA_USAGE = YES_ERROR;
				CLANG_WARN_DOCUMENTATION_COMMENTS = YES;
				CLANG_WARN_EMPTY_BODY = YES;
				CLANG_WARN_ENUM_CONVERSION = YES;
				CLANG_WARN_INFINITE_RECURSION = YES;
				CLANG_WARN_INT_CONVERSION = YES;
				CLANG_WARN_NON_LITERAL_NULL_CONVERSION = YES;
				CLANG_WARN_OBJC_IMPLICIT_RETAIN_SELF = YES;
				CLANG_WARN_OBJC_LITERAL_CONVERSION = YES;
				CLANG_WARN_OBJC_ROOT_CLASS = YES_ERROR;
				CLANG_WARN_RANGE_LOOP_ANALYSIS = YES;
				CLANG_WARN_STRICT_PROTOTYPES = YES;
				CLANG_WARN_SUSPICIOUS_MOVE = YES;
				CLANG_WARN_UNGUARDED_AVAILABILITY = YES_AGGRESSIVE;
				CLANG_WARN_UNREACHABLE_CODE = YES;
				CLANG_WARN__DUPLICATE_METHOD_MATCH = YES;
				COPY_PHASE_STRIP = NO;
				DEBUG_INFORMATION_FORMAT = dwarf;
				ENABLE_STRICT_OBJC_MSGSEND = YES;
				ENABLE_TESTABILITY = YES;
				GCC_C_LANGUAGE_STANDARD = gnu11;
				GCC_DYNAMIC_NO_PIC = NO;
				GCC_NO_COMMON_BLOCKS = YES;
				GCC_OPTIMIZATION_LEVEL = 0;
				GCC_PREPROCESSOR_DEFINITIONS = (
					"DEBUG=1",
					"$(inherited)",
				);
				GCC_WARN_64_TO_32_BIT_CONVERSION = YES;
				GCC_WARN_ABOUT_RETURN_TYPE = YES_ERROR;
				GCC_WARN_UNDECLARED_SELECTOR = YES;
				GCC_WARN_UNINITIALIZED_AUTOS = YES_AGGRESSIVE;
				GCC_WARN_UNUSED_FUNCTION = YES;
				GCC_WARN_UNUSED_VARIABLE = YES;
				IPHONEOS_DEPLOYMENT_TARGET = 13.6;
				MTL_ENABLE_DEBUG_INFO = INCLUDE_SOURCE;
				MTL_FAST_MATH = YES;
				ONLY_ACTIVE_ARCH = YES;
				SDKROOT = iphoneos;
				SWIFT_ACTIVE_COMPILATION_CONDITIONS = DEBUG;
				SWIFT_OPTIMIZATION_LEVEL = "-Onone";
			};
			name = Debug;
		};
		27B6CBBF25223E31008A9045 /* Release */ = {
			isa = XCBuildConfiguration;
			buildSettings = {
				ALWAYS_SEARCH_USER_PATHS = NO;
				CLANG_ANALYZER_LOCALIZABILITY_NONLOCALIZED = YES;
				CLANG_ANALYZER_NONNULL = YES;
				CLANG_ANALYZER_NUMBER_OBJECT_CONVERSION = YES_AGGRESSIVE;
				CLANG_CXX_LANGUAGE_STANDARD = "gnu++14";
				CLANG_CXX_LIBRARY = "libc++";
				CLANG_ENABLE_MODULES = YES;
				CLANG_ENABLE_OBJC_ARC = YES;
				CLANG_ENABLE_OBJC_WEAK = YES;
				CLANG_WARN_BLOCK_CAPTURE_AUTORELEASING = YES;
				CLANG_WARN_BOOL_CONVERSION = YES;
				CLANG_WARN_COMMA = YES;
				CLANG_WARN_CONSTANT_CONVERSION = YES;
				CLANG_WARN_DEPRECATED_OBJC_IMPLEMENTATIONS = YES;
				CLANG_WARN_DIRECT_OBJC_ISA_USAGE = YES_ERROR;
				CLANG_WARN_DOCUMENTATION_COMMENTS = YES;
				CLANG_WARN_EMPTY_BODY = YES;
				CLANG_WARN_ENUM_CONVERSION = YES;
				CLANG_WARN_INFINITE_RECURSION = YES;
				CLANG_WARN_INT_CONVERSION = YES;
				CLANG_WARN_NON_LITERAL_NULL_CONVERSION = YES;
				CLANG_WARN_OBJC_IMPLICIT_RETAIN_SELF = YES;
				CLANG_WARN_OBJC_LITERAL_CONVERSION = YES;
				CLANG_WARN_OBJC_ROOT_CLASS = YES_ERROR;
				CLANG_WARN_RANGE_LOOP_ANALYSIS = YES;
				CLANG_WARN_STRICT_PROTOTYPES = YES;
				CLANG_WARN_SUSPICIOUS_MOVE = YES;
				CLANG_WARN_UNGUARDED_AVAILABILITY = YES_AGGRESSIVE;
				CLANG_WARN_UNREACHABLE_CODE = YES;
				CLANG_WARN__DUPLICATE_METHOD_MATCH = YES;
				COPY_PHASE_STRIP = NO;
				DEBUG_INFORMATION_FORMAT = "dwarf-with-dsym";
				ENABLE_NS_ASSERTIONS = NO;
				ENABLE_STRICT_OBJC_MSGSEND = YES;
				GCC_C_LANGUAGE_STANDARD = gnu11;
				GCC_NO_COMMON_BLOCKS = YES;
				GCC_WARN_64_TO_32_BIT_CONVERSION = YES;
				GCC_WARN_ABOUT_RETURN_TYPE = YES_ERROR;
				GCC_WARN_UNDECLARED_SELECTOR = YES;
				GCC_WARN_UNINITIALIZED_AUTOS = YES_AGGRESSIVE;
				GCC_WARN_UNUSED_FUNCTION = YES;
				GCC_WARN_UNUSED_VARIABLE = YES;
				IPHONEOS_DEPLOYMENT_TARGET = 13.6;
				MTL_ENABLE_DEBUG_INFO = NO;
				MTL_FAST_MATH = YES;
				SDKROOT = iphoneos;
				SWIFT_COMPILATION_MODE = wholemodule;
				SWIFT_OPTIMIZATION_LEVEL = "-O";
				VALIDATE_PRODUCT = YES;
			};
			name = Release;
		};
		27B6CBC125223E31008A9045 /* Debug */ = {
			isa = XCBuildConfiguration;
			buildSettings = {
				ASSETCATALOG_COMPILER_APPICON_NAME = AppIcon;
				CODE_SIGN_STYLE = Automatic;
				INFOPLIST_FILE = PetAdoption/Info.plist;
				LD_RUNPATH_SEARCH_PATHS = (
					"$(inherited)",
					"@executable_path/Frameworks",
				);
				PRODUCT_BUNDLE_IDENTIFIER = com.conestoga.PetAdoption;
				PRODUCT_NAME = "$(TARGET_NAME)";
				SWIFT_VERSION = 5.0;
				TARGETED_DEVICE_FAMILY = "1,2";
			};
			name = Debug;
		};
		27B6CBC225223E31008A9045 /* Release */ = {
			isa = XCBuildConfiguration;
			buildSettings = {
				ASSETCATALOG_COMPILER_APPICON_NAME = AppIcon;
				CODE_SIGN_STYLE = Automatic;
				INFOPLIST_FILE = PetAdoption/Info.plist;
				LD_RUNPATH_SEARCH_PATHS = (
					"$(inherited)",
					"@executable_path/Frameworks",
				);
				PRODUCT_BUNDLE_IDENTIFIER = com.conestoga.PetAdoption;
				PRODUCT_NAME = "$(TARGET_NAME)";
				SWIFT_VERSION = 5.0;
				TARGETED_DEVICE_FAMILY = "1,2";
			};
			name = Release;
		};
		27B6CBC425223E31008A9045 /* Debug */ = {
			isa = XCBuildConfiguration;
			buildSettings = {
				ALWAYS_EMBED_SWIFT_STANDARD_LIBRARIES = YES;
				BUNDLE_LOADER = "$(TEST_HOST)";
				CODE_SIGN_STYLE = Automatic;
				INFOPLIST_FILE = PetAdoptionTests/Info.plist;
				IPHONEOS_DEPLOYMENT_TARGET = 13.6;
				LD_RUNPATH_SEARCH_PATHS = (
					"$(inherited)",
					"@executable_path/Frameworks",
					"@loader_path/Frameworks",
				);
				PRODUCT_BUNDLE_IDENTIFIER = com.conestoga.PetAdoptionTests;
				PRODUCT_NAME = "$(TARGET_NAME)";
				SWIFT_VERSION = 5.0;
				TARGETED_DEVICE_FAMILY = "1,2";
				TEST_HOST = "$(BUILT_PRODUCTS_DIR)/PetAdoption.app/PetAdoption";
			};
			name = Debug;
		};
		27B6CBC525223E31008A9045 /* Release */ = {
			isa = XCBuildConfiguration;
			buildSettings = {
				ALWAYS_EMBED_SWIFT_STANDARD_LIBRARIES = YES;
				BUNDLE_LOADER = "$(TEST_HOST)";
				CODE_SIGN_STYLE = Automatic;
				INFOPLIST_FILE = PetAdoptionTests/Info.plist;
				IPHONEOS_DEPLOYMENT_TARGET = 13.6;
				LD_RUNPATH_SEARCH_PATHS = (
					"$(inherited)",
					"@executable_path/Frameworks",
					"@loader_path/Frameworks",
				);
				PRODUCT_BUNDLE_IDENTIFIER = com.conestoga.PetAdoptionTests;
				PRODUCT_NAME = "$(TARGET_NAME)";
				SWIFT_VERSION = 5.0;
				TARGETED_DEVICE_FAMILY = "1,2";
				TEST_HOST = "$(BUILT_PRODUCTS_DIR)/PetAdoption.app/PetAdoption";
			};
			name = Release;
		};
		27B6CBC725223E31008A9045 /* Debug */ = {
			isa = XCBuildConfiguration;
			buildSettings = {
				ALWAYS_EMBED_SWIFT_STANDARD_LIBRARIES = YES;
				CODE_SIGN_STYLE = Automatic;
				INFOPLIST_FILE = PetAdoptionUITests/Info.plist;
				LD_RUNPATH_SEARCH_PATHS = (
					"$(inherited)",
					"@executable_path/Frameworks",
					"@loader_path/Frameworks",
				);
				PRODUCT_BUNDLE_IDENTIFIER = com.conestoga.PetAdoptionUITests;
				PRODUCT_NAME = "$(TARGET_NAME)";
				SWIFT_VERSION = 5.0;
				TARGETED_DEVICE_FAMILY = "1,2";
				TEST_TARGET_NAME = PetAdoption;
			};
			name = Debug;
		};
		27B6CBC825223E31008A9045 /* Release */ = {
			isa = XCBuildConfiguration;
			buildSettings = {
				ALWAYS_EMBED_SWIFT_STANDARD_LIBRARIES = YES;
				CODE_SIGN_STYLE = Automatic;
				INFOPLIST_FILE = PetAdoptionUITests/Info.plist;
				LD_RUNPATH_SEARCH_PATHS = (
					"$(inherited)",
					"@executable_path/Frameworks",
					"@loader_path/Frameworks",
				);
				PRODUCT_BUNDLE_IDENTIFIER = com.conestoga.PetAdoptionUITests;
				PRODUCT_NAME = "$(TARGET_NAME)";
				SWIFT_VERSION = 5.0;
				TARGETED_DEVICE_FAMILY = "1,2";
				TEST_TARGET_NAME = PetAdoption;
			};
			name = Release;
		};
/* End XCBuildConfiguration section */

/* Begin XCConfigurationList section */
		27B6CB9125223E2F008A9045 /* Build configuration list for PBXProject "PetAdoption" */ = {
			isa = XCConfigurationList;
			buildConfigurations = (
				27B6CBBE25223E31008A9045 /* Debug */,
				27B6CBBF25223E31008A9045 /* Release */,
			);
			defaultConfigurationIsVisible = 0;
			defaultConfigurationName = Release;
		};
		27B6CBC025223E31008A9045 /* Build configuration list for PBXNativeTarget "PetAdoption" */ = {
			isa = XCConfigurationList;
			buildConfigurations = (
				27B6CBC125223E31008A9045 /* Debug */,
				27B6CBC225223E31008A9045 /* Release */,
			);
			defaultConfigurationIsVisible = 0;
			defaultConfigurationName = Release;
		};
		27B6CBC325223E31008A9045 /* Build configuration list for PBXNativeTarget "PetAdoptionTests" */ = {
			isa = XCConfigurationList;
			buildConfigurations = (
				27B6CBC425223E31008A9045 /* Debug */,
				27B6CBC525223E31008A9045 /* Release */,
			);
			defaultConfigurationIsVisible = 0;
			defaultConfigurationName = Release;
		};
		27B6CBC625223E31008A9045 /* Build configuration list for PBXNativeTarget "PetAdoptionUITests" */ = {
			isa = XCConfigurationList;
			buildConfigurations = (
				27B6CBC725223E31008A9045 /* Debug */,
				27B6CBC825223E31008A9045 /* Release */,
			);
			defaultConfigurationIsVisible = 0;
			defaultConfigurationName = Release;
		};
/* End XCConfigurationList section */
	};
	rootObject = 27B6CB8E25223E2F008A9045 /* Project object */;
}
